
Microsoft Visual Studio Solution File, Format Version 12.00
# Visual Studio 2012
Project("{FAE04EC0-301F-11D3-BF4B-00C04F79EFBC}") = "Memory", "Memory\Memory.csproj", "{BFC63AC8-3164-4509-B7E3-9D5D65D77C1D}"
EndProject
Global
	GlobalSection(SolutionConfigurationPlatforms) = preSolution
		Debug|Any CPU = Debug|Any CPU
		Release|Any CPU = Release|Any CPU
	EndGlobalSection
	GlobalSection(ProjectConfigurationPlatforms) = postSolution
		{BFC63AC8-3164-4509-B7E3-9D5D65D77C1D}.Debug|Any CPU.ActiveCfg = Debug|Any CPU
		{BFC63AC8-3164-4509-B7E3-9D5D65D77C1D}.Debug|Any CPU.Build.0 = Debug|Any CPU
		{BFC63AC8-3164-4509-B7E3-9D5D65D77C1D}.Release|Any CPU.ActiveCfg = Release|Any CPU
		{BFC63AC8-3164-4509-B7E3-9D5D65D77C1D}.Release|Any CPU.Build.0 = Release|Any CPU
	EndGlobalSection
	GlobalSection(SolutionProperties) = preSolution
		HideSolutionNode = FALSE
	EndGlobalSection
EndGlobal
